
Microsoft Visual Studio Solution File, Format Version 12.00
# Visual Studio Version 16
VisualStudioVersion = 16.0.33027.164
MinimumVisualStudioVersion = 10.0.40219.1
Project("{FAE04EC0-301F-11D3-BF4B-00C04F79EFBC}") = "suplimentar2", "suplimentar2\suplimentar2.csproj", "{ABDB5FE2-618E-45E0-AB15-849C7B128A7D}"
EndProject
Global
	GlobalSection(SolutionConfigurationPlatforms) = preSolution
		Debug|Any CPU = Debug|Any CPU
		Release|Any CPU = Release|Any CPU
	EndGlobalSection
	GlobalSection(ProjectConfigurationPlatforms) = postSolution
		{ABDB5FE2-618E-45E0-AB15-849C7B128A7D}.Debug|Any CPU.ActiveCfg = Debug|Any CPU
		{ABDB5FE2-618E-45E0-AB15-849C7B128A7D}.Debug|Any CPU.Build.0 = Debug|Any CPU
		{ABDB5FE2-618E-45E0-AB15-849C7B128A7D}.Release|Any CPU.ActiveCfg = Release|Any CPU
		{ABDB5FE2-618E-45E0-AB15-849C7B128A7D}.Release|Any CPU.Build.0 = Release|Any CPU
	EndGlobalSection
	GlobalSection(SolutionProperties) = preSolution
		HideSolutionNode = FALSE
	EndGlobalSection
	GlobalSection(ExtensibilityGlobals) = postSolution
		SolutionGuid = {882FAE43-A1C5-4A41-BB3E-015EA0A10FC2}
	EndGlobalSection
EndGlobal
